{
  "pins" : [
    {
      "identity" : "punycodeswift",
      "kind" : "remoteSourceControl",
      "location" : "https://github.com/gumob/PunycodeSwift",
      "state" : {
        "revision" : "4356ec54e073741449640d3d50a1fd24fd1e1b8b",
        "version" : "2.1.0"
      }
    },
    {
      "identity" : "swiftdomainparser",
      "kind" : "remoteSourceControl",
      "location" : "https://github.com/Dashlane/SwiftDomainParser.git",
      "state" : {
        "revision" : "ac1df3211011ad44c20457412eeb45beb318f847",
        "version" : "1.1.0"
      }
    }
  ],
  "version" : 2
}
